PODS:
  - Flutter (1.0.0)
  - geolocator (1.3.1):
    - Flutter

DEPENDENCIES:
  - Flutter (from `.symlinks/flutter/ios`)
  - geolocator (from `.symlinks/plugins/geolocator/ios`)

EXTERNAL SOURCES:
  Flutter:
    :path: ".symlinks/flutter/ios"
  geolocator:
    :path: ".symlinks/plugins/geolocator/ios"

SPEC CHECKSUMS:
  Flutter: 9d0fac939486c9aba2809b7982dfdbb47a7b0296
  geolocator: 9da3d733b5fa7e694a86421ec303f2a475157d75

PODFILE CHECKSUM: 7f5413379180e7de95857e5e46ebd7fa98cac02d

COCOAPODS: 1.5.3
